// !$*UTF8*$!
{
	archiveVersion = 1;
	classes = {
	};
	objectVersion = 56;
	objects = {

/* Begin PBXBuildFile section */
		D3C4FAB82A8B4B4200E596F3 /* BingoApp.swift in Sources */ = {isa = PBXBuildFile; fileRef = D3C4FAB72A8B4B4200E596F3 /* BingoApp.swift */; };
		D3C4FABA2A8B4B4200E596F3 /* ContentView.swift in Sources */ = {isa = PBXBuildFile; fileRef = D3C4FAB92A8B4B4200E596F3 /* ContentView.swift */; };
		D3C4FABC2A8B4B4500E596F3 /* Assets.xcassets in Resources */ = {isa = PBXBuildFile; fileRef = D3C4FABB2A8B4B4500E596F3 /* Assets.xcassets */; };
		D3C4FABF2A8B4B4500E596F3 /* Preview Assets.xcassets in Resources */ = {isa = PBXBuildFile; fileRef = D3C4FABE2A8B4B4500E596F3 /* Preview Assets.xcassets */; };
		D3C4FACF2A8C0FE500E596F3 /* FirebaseAuth in Frameworks */ = {isa = PBXBuildFile; productRef = D3C4FACE2A8C0FE500E596F3 /* FirebaseAuth */; };
		D3C4FAD12A8C0FE500E596F3 /* FirebaseFirestore in Frameworks */ = {isa = PBXBuildFile; productRef = D3C4FAD02A8C0FE500E596F3 /* FirebaseFirestore */; };
		D3C4FAD32A8C0FE500E596F3 /* FirebaseFirestoreSwift in Frameworks */ = {isa = PBXBuildFile; productRef = D3C4FAD22A8C0FE500E596F3 /* FirebaseFirestoreSwift */; };
		D3C4FAD52A8C11EF00E596F3 /* GoogleService-Info.plist in Resources */ = {isa = PBXBuildFile; fileRef = D3C4FAD42A8C11EE00E596F3 /* GoogleService-Info.plist */; };
		D3C4FAD72A8C1DF100E596F3 /* AppDelegate.swift in Sources */ = {isa = PBXBuildFile; fileRef = D3C4FAD62A8C1DF100E596F3 /* AppDelegate.swift */; };
		D3C4FADA2A8C290700E596F3 /* AuthManager.swift in Sources */ = {isa = PBXBuildFile; fileRef = D3C4FAD92A8C290700E596F3 /* AuthManager.swift */; };
		D3C4FADF2A8C2B8000E596F3 /* Closure+Typealias.swift in Sources */ = {isa = PBXBuildFile; fileRef = D3C4FADE2A8C2B8000E596F3 /* Closure+Typealias.swift */; };
		D3C4FAE12A8C2D9200E596F3 /* AppUserDefaultsKeys.swift in Sources */ = {isa = PBXBuildFile; fileRef = D3C4FAE02A8C2D9200E596F3 /* AppUserDefaultsKeys.swift */; };
/* End PBXBuildFile section */

/* Begin PBXFileReference section */
		D3C4FAB42A8B4B4200E596F3 /* Bingo.app */ = {isa = PBXFileReference; explicitFileType = wrapper.application; includeInIndex = 0; path = Bingo.app; sourceTree = BUILT_PRODUCTS_DIR; };
		D3C4FAB72A8B4B4200E596F3 /* BingoApp.swift */ = {isa = PBXFileReference; lastKnownFileType = sourcecode.swift; path = BingoApp.swift; sourceTree = "<group>"; };
		D3C4FAB92A8B4B4200E596F3 /* ContentView.swift */ = {isa = PBXFileReference; lastKnownFileType = sourcecode.swift; path = ContentView.swift; sourceTree = "<group>"; };
		D3C4FABB2A8B4B4500E596F3 /* Assets.xcassets */ = {isa = PBXFileReference; lastKnownFileType = folder.assetcatalog; path = Assets.xcassets; sourceTree = "<group>"; };
		D3C4FABE2A8B4B4500E596F3 /* Preview Assets.xcassets */ = {isa = PBXFileReference; lastKnownFileType = folder.assetcatalog; path = "Preview Assets.xcassets"; sourceTree = "<group>"; };
		D3C4FAD42A8C11EE00E596F3 /* GoogleService-Info.plist */ = {isa = PBXFileReference; fileEncoding = 4; lastKnownFileType = text.plist.xml; path = "GoogleService-Info.plist"; sourceTree = "<group>"; };
		D3C4FAD62A8C1DF100E596F3 /* AppDelegate.swift */ = {isa = PBXFileReference; lastKnownFileType = sourcecode.swift; path = AppDelegate.swift; sourceTree = "<group>"; };
		D3C4FAD92A8C290700E596F3 /* AuthManager.swift */ = {isa = PBXFileReference; lastKnownFileType = sourcecode.swift; path = AuthManager.swift; sourceTree = "<group>"; };
		D3C4FADB2A8C297100E596F3 /* Info.plist */ = {isa = PBXFileReference; lastKnownFileType = text.plist; path = Info.plist; sourceTree = "<group>"; };
		D3C4FADE2A8C2B8000E596F3 /* Closure+Typealias.swift */ = {isa = PBXFileReference; lastKnownFileType = sourcecode.swift; path = "Closure+Typealias.swift"; sourceTree = "<group>"; };
		D3C4FAE02A8C2D9200E596F3 /* AppUserDefaultsKeys.swift */ = {isa = PBXFileReference; lastKnownFileType = sourcecode.swift; path = AppUserDefaultsKeys.swift; sourceTree = "<group>"; };
/* End PBXFileReference section */

/* Begin PBXFrameworksBuildPhase section */
		D3C4FAB12A8B4B4200E596F3 /* Frameworks */ = {
			isa = PBXFrameworksBuildPhase;
			buildActionMask = 2147483647;
			files = (
				D3C4FACF2A8C0FE500E596F3 /* FirebaseAuth in Frameworks */,
				D3C4FAD12A8C0FE500E596F3 /* FirebaseFirestore in Frameworks */,
				D3C4FAD32A8C0FE500E596F3 /* FirebaseFirestoreSwift in Frameworks */,
			);
			runOnlyForDeploymentPostprocessing = 0;
		};
/* End PBXFrameworksBuildPhase section */

/* Begin PBXGroup section */
		D3C4FAAB2A8B4B4200E596F3 = {
			isa = PBXGroup;
			children = (
				D3C4FAB62A8B4B4200E596F3 /* Bingo */,
				D3C4FAB52A8B4B4200E596F3 /* Products */,
			);
			sourceTree = "<group>";
		};
		D3C4FAB52A8B4B4200E596F3 /* Products */ = {
			isa = PBXGroup;
			children = (
				D3C4FAB42A8B4B4200E596F3 /* Bingo.app */,
			);
			name = Products;
			sourceTree = "<group>";
		};
		D3C4FAB62A8B4B4200E596F3 /* Bingo */ = {
			isa = PBXGroup;
			children = (
				D3C4FADC2A8C2B5400E596F3 /* Core */,
				D3C4FAD82A8C28E600E596F3 /* Auth */,
				D3C4FAB72A8B4B4200E596F3 /* BingoApp.swift */,
				D3C4FAB92A8B4B4200E596F3 /* ContentView.swift */,
				D3C4FAD42A8C11EE00E596F3 /* GoogleService-Info.plist */,
				D3C4FADB2A8C297100E596F3 /* Info.plist */,
				D3C4FABB2A8B4B4500E596F3 /* Assets.xcassets */,
				D3C4FABD2A8B4B4500E596F3 /* Preview Content */,
				D3C4FAD62A8C1DF100E596F3 /* AppDelegate.swift */,
			);
			path = Bingo;
			sourceTree = "<group>";
		};
		D3C4FABD2A8B4B4500E596F3 /* Preview Content */ = {
			isa = PBXGroup;
			children = (
				D3C4FABE2A8B4B4500E596F3 /* Preview Assets.xcassets */,
			);
			path = "Preview Content";
			sourceTree = "<group>";
		};
		D3C4FAD82A8C28E600E596F3 /* Auth */ = {
			isa = PBXGroup;
			children = (
				D3C4FAD92A8C290700E596F3 /* AuthManager.swift */,
			);
			path = Auth;
			sourceTree = "<group>";
		};
		D3C4FADC2A8C2B5400E596F3 /* Core */ = {
			isa = PBXGroup;
			children = (
				D3C4FADE2A8C2B8000E596F3 /* Closure+Typealias.swift */,
				D3C4FAE02A8C2D9200E596F3 /* AppUserDefaultsKeys.swift */,
			);
			path = Core;
			sourceTree = "<group>";
		};
/* End PBXGroup section */

/* Begin PBXNativeTarget section */
		D3C4FAB32A8B4B4200E596F3 /* Bingo */ = {
			isa = PBXNativeTarget;
			buildConfigurationList = D3C4FAC22A8B4B4500E596F3 /* Build configuration list for PBXNativeTarget "Bingo" */;
			buildPhases = (
				D3C4FAB02A8B4B4200E596F3 /* Sources */,
				D3C4FAB12A8B4B4200E596F3 /* Frameworks */,
				D3C4FAB22A8B4B4200E596F3 /* Resources */,
			);
			buildRules = (
			);
			dependencies = (
			);
			name = Bingo;
			packageProductDependencies = (
				D3C4FACE2A8C0FE500E596F3 /* FirebaseAuth */,
				D3C4FAD02A8C0FE500E596F3 /* FirebaseFirestore */,
				D3C4FAD22A8C0FE500E596F3 /* FirebaseFirestoreSwift */,
			);
			productName = Bingo;
			productReference = D3C4FAB42A8B4B4200E596F3 /* Bingo.app */;
			productType = "com.apple.product-type.application";
		};
/* End PBXNativeTarget section */

/* Begin PBXProject section */
		D3C4FAAC2A8B4B4200E596F3 /* Project object */ = {
			isa = PBXProject;
			attributes = {
				BuildIndependentTargetsInParallel = 1;
				LastSwiftUpdateCheck = 1420;
				LastUpgradeCheck = 1420;
				TargetAttributes = {
					D3C4FAB32A8B4B4200E596F3 = {
						CreatedOnToolsVersion = 14.2;
					};
				};
			};
			buildConfigurationList = D3C4FAAF2A8B4B4200E596F3 /* Build configuration list for PBXProject "Bingo" */;
			compatibilityVersion = "Xcode 14.0";
			developmentRegion = en;
			hasScannedForEncodings = 0;
			knownRegions = (
				en,
				Base,
			);
			mainGroup = D3C4FAAB2A8B4B4200E596F3;
			packageReferences = (
				D3C4FACD2A8C0FE500E596F3 /* XCRemoteSwiftPackageReference "firebase-ios-sdk" */,
			);
			productRefGroup = D3C4FAB52A8B4B4200E596F3 /* Products */;
			projectDirPath = "";
			projectRoot = "";
			targets = (
				D3C4FAB32A8B4B4200E596F3 /* Bingo */,
			);
		};
/* End PBXProject section */

/* Begin PBXResourcesBuildPhase section */
		D3C4FAB22A8B4B4200E596F3 /* Resources */ = {
			isa = PBXResourcesBuildPhase;
			buildActionMask = 2147483647;
			files = (
				D3C4FABF2A8B4B4500E596F3 /* Preview Assets.xcassets in Resources */,
				D3C4FABC2A8B4B4500E596F3 /* Assets.xcassets in Resources */,
				D3C4FAD52A8C11EF00E596F3 /* GoogleService-Info.plist in Resources */,
			);
			runOnlyForDeploymentPostprocessing = 0;
		};
/* End PBXResourcesBuildPhase section */

/* Begin PBXSourcesBuildPhase section */
		D3C4FAB02A8B4B4200E596F3 /* Sources */ = {
			isa = PBXSourcesBuildPhase;
			buildActionMask = 2147483647;
			files = (
				D3C4FAE12A8C2D9200E596F3 /* AppUserDefaultsKeys.swift in Sources */,
				D3C4FAD72A8C1DF100E596F3 /* AppDelegate.swift in Sources */,
				D3C4FADA2A8C290700E596F3 /* AuthManager.swift in Sources */,
				D3C4FABA2A8B4B4200E596F3 /* ContentView.swift in Sources */,
				D3C4FADF2A8C2B8000E596F3 /* Closure+Typealias.swift in Sources */,
				D3C4FAB82A8B4B4200E596F3 /* BingoApp.swift in Sources */,
			);
			runOnlyForDeploymentPostprocessing = 0;
		};
/* End PBXSourcesBuildPhase section */

/* Begin XCBuildConfiguration section */
		D3C4FAC02A8B4B4500E596F3 /* Debug */ = {
			isa = XCBuildConfiguration;
			buildSettings = {
				ALWAYS_SEARCH_USER_PATHS = NO;
				CLANG_ANALYZER_NONNULL = YES;
				CLANG_ANALYZER_NUMBER_OBJECT_CONVERSION = YES_AGGRESSIVE;
				CLANG_CXX_LANGUAGE_STANDARD = "gnu++20";
				CLANG_ENABLE_MODULES = YES;
				CLANG_ENABLE_OBJC_ARC = YES;
				CLANG_ENABLE_OBJC_WEAK = YES;
				CLANG_WARN_BLOCK_CAPTURE_AUTORELEASING = YES;
				CLANG_WARN_BOOL_CONVERSION = YES;
				CLANG_WARN_COMMA = YES;
				CLANG_WARN_CONSTANT_CONVERSION = YES;
				CLANG_WARN_DEPRECATED_OBJC_IMPLEMENTATIONS = YES;
				CLANG_WARN_DIRECT_OBJC_ISA_USAGE = YES_ERROR;
				CLANG_WARN_DOCUMENTATION_COMMENTS = YES;
				CLANG_WARN_EMPTY_BODY = YES;
				CLANG_WARN_ENUM_CONVERSION = YES;
				CLANG_WARN_INFINITE_RECURSION = YES;
				CLANG_WARN_INT_CONVERSION = YES;
				CLANG_WARN_NON_LITERAL_NULL_CONVERSION = YES;
				CLANG_WARN_OBJC_IMPLICIT_RETAIN_SELF = YES;
				CLANG_WARN_OBJC_LITERAL_CONVERSION = YES;
				CLANG_WARN_OBJC_ROOT_CLASS = YES_ERROR;
				CLANG_WARN_QUOTED_INCLUDE_IN_FRAMEWORK_HEADER = YES;
				CLANG_WARN_RANGE_LOOP_ANALYSIS = YES;
				CLANG_WARN_STRICT_PROTOTYPES = YES;
				CLANG_WARN_SUSPICIOUS_MOVE = YES;
				CLANG_WARN_UNGUARDED_AVAILABILITY = YES_AGGRESSIVE;
				CLANG_WARN_UNREACHABLE_CODE = YES;
				CLANG_WARN__DUPLICATE_METHOD_MATCH = YES;
				COPY_PHASE_STRIP = NO;
				DEBUG_INFORMATION_FORMAT = dwarf;
				ENABLE_STRICT_OBJC_MSGSEND = YES;
				ENABLE_TESTABILITY = YES;
				GCC_C_LANGUAGE_STANDARD = gnu11;
				GCC_DYNAMIC_NO_PIC = NO;
				GCC_NO_COMMON_BLOCKS = YES;
				GCC_OPTIMIZATION_LEVEL = 0;
				GCC_PREPROCESSOR_DEFINITIONS = (
					"DEBUG=1",
					"$(inherited)",
				);
				GCC_WARN_64_TO_32_BIT_CONVERSION = YES;
				GCC_WARN_ABOUT_RETURN_TYPE = YES_ERROR;
				GCC_WARN_UNDECLARED_SELECTOR = YES;
				GCC_WARN_UNINITIALIZED_AUTOS = YES_AGGRESSIVE;
				GCC_WARN_UNUSED_FUNCTION = YES;
				GCC_WARN_UNUSED_VARIABLE = YES;
				IPHONEOS_DEPLOYMENT_TARGET = 15.0;
				MTL_ENABLE_DEBUG_INFO = INCLUDE_SOURCE;
				MTL_FAST_MATH = YES;
				ONLY_ACTIVE_ARCH = YES;
				SDKROOT = iphoneos;
				SWIFT_ACTIVE_COMPILATION_CONDITIONS = DEBUG;
				SWIFT_OPTIMIZATION_LEVEL = "-Onone";
			};
			name = Debug;
		};
		D3C4FAC12A8B4B4500E596F3 /* Release */ = {
			isa = XCBuildConfiguration;
			buildSettings = {
				ALWAYS_SEARCH_USER_PATHS = NO;
				CLANG_ANALYZER_NONNULL = YES;
				CLANG_ANALYZER_NUMBER_OBJECT_CONVERSION = YES_AGGRESSIVE;
				CLANG_CXX_LANGUAGE_STANDARD = "gnu++20";
				CLANG_ENABLE_MODULES = YES;
				CLANG_ENABLE_OBJC_ARC = YES;
				CLANG_ENABLE_OBJC_WEAK = YES;
				CLANG_WARN_BLOCK_CAPTURE_AUTORELEASING = YES;
				CLANG_WARN_BOOL_CONVERSION = YES;
				CLANG_WARN_COMMA = YES;
				CLANG_WARN_CONSTANT_CONVERSION = YES;
				CLANG_WARN_DEPRECATED_OBJC_IMPLEMENTATIONS = YES;
				CLANG_WARN_DIRECT_OBJC_ISA_USAGE = YES_ERROR;
				CLANG_WARN_DOCUMENTATION_COMMENTS = YES;
				CLANG_WARN_EMPTY_BODY = YES;
				CLANG_WARN_ENUM_CONVERSION = YES;
				CLANG_WARN_INFINITE_RECURSION = YES;
				CLANG_WARN_INT_CONVERSION = YES;
				CLANG_WARN_NON_LITERAL_NULL_CONVERSION = YES;
				CLANG_WARN_OBJC_IMPLICIT_RETAIN_SELF = YES;
				CLANG_WARN_OBJC_LITERAL_CONVERSION = YES;
				CLANG_WARN_OBJC_ROOT_CLASS = YES_ERROR;
				CLANG_WARN_QUOTED_INCLUDE_IN_FRAMEWORK_HEADER = YES;
				CLANG_WARN_RANGE_LOOP_ANALYSIS = YES;
				CLANG_WARN_STRICT_PROTOTYPES = YES;
				CLANG_WARN_SUSPICIOUS_MOVE = YES;
				CLANG_WARN_UNGUARDED_AVAILABILITY = YES_AGGRESSIVE;
				CLANG_WARN_UNREACHABLE_CODE = YES;
				CLANG_WARN__DUPLICATE_METHOD_MATCH = YES;
				COPY_PHASE_STRIP = NO;
				DEBUG_INFORMATION_FORMAT = "dwarf-with-dsym";
				ENABLE_NS_ASSERTIONS = NO;
				ENABLE_STRICT_OBJC_MSGSEND = YES;
				GCC_C_LANGUAGE_STANDARD = gnu11;
				GCC_NO_COMMON_BLOCKS = YES;
				GCC_WARN_64_TO_32_BIT_CONVERSION = YES;
				GCC_WARN_ABOUT_RETURN_TYPE = YES_ERROR;
				GCC_WARN_UNDECLARED_SELECTOR = YES;
				GCC_WARN_UNINITIALIZED_AUTOS = YES_AGGRESSIVE;
				GCC_WARN_UNUSED_FUNCTION = YES;
				GCC_WARN_UNUSED_VARIABLE = YES;
				IPHONEOS_DEPLOYMENT_TARGET = 15.0;
				MTL_ENABLE_DEBUG_INFO = NO;
				MTL_FAST_MATH = YES;
				SDKROOT = iphoneos;
				SWIFT_COMPILATION_MODE = wholemodule;
				SWIFT_OPTIMIZATION_LEVEL = "-O";
				VALIDATE_PRODUCT = YES;
			};
			name = Release;
		};
		D3C4FAC32A8B4B4500E596F3 /* Debug */ = {
			isa = XCBuildConfiguration;
			buildSettings = {
				ASSETCATALOG_COMPILER_APPICON_NAME = AppIcon;
				ASSETCATALOG_COMPILER_GLOBAL_ACCENT_COLOR_NAME = AccentColor;
				CODE_SIGN_STYLE = Automatic;
				CURRENT_PROJECT_VERSION = 1;
				DEVELOPMENT_ASSET_PATHS = "\"Bingo/Preview Content\"";
				DEVELOPMENT_TEAM = L39SDL9LW6;
				ENABLE_PREVIEWS = YES;
				GENERATE_INFOPLIST_FILE = YES;
				INFOPLIST_FILE = Bingo/Info.plist;
				INFOPLIST_KEY_UIApplicationSceneManifest_Generation = YES;
				INFOPLIST_KEY_UIApplicationSupportsIndirectInputEvents = YES;
				INFOPLIST_KEY_UILaunchScreen_Generation = YES;
				INFOPLIST_KEY_UISupportedInterfaceOrientations = UIInterfaceOrientationPortrait;
				LD_RUNPATH_SEARCH_PATHS = (
					"$(inherited)",
					"@executable_path/Frameworks",
				);
				MARKETING_VERSION = 1.0;
				PRODUCT_BUNDLE_IDENTIFIER = com.jonhyDev.Bingo;
				PRODUCT_NAME = "$(TARGET_NAME)";
				SWIFT_EMIT_LOC_STRINGS = YES;
				SWIFT_VERSION = 5.0;
				TARGETED_DEVICE_FAMILY = "1,2";
			};
			name = Debug;
		};
		D3C4FAC42A8B4B4500E596F3 /* Release */ = {
			isa = XCBuildConfiguration;
			buildSettings = {
				ASSETCATALOG_COMPILER_APPICON_NAME = AppIcon;
				ASSETCATALOG_COMPILER_GLOBAL_ACCENT_COLOR_NAME = AccentColor;
				CODE_SIGN_STYLE = Automatic;
				CURRENT_PROJECT_VERSION = 1;
				DEVELOPMENT_ASSET_PATHS = "\"Bingo/Preview Content\"";
				DEVELOPMENT_TEAM = L39SDL9LW6;
				ENABLE_PREVIEWS = YES;
				GENERATE_INFOPLIST_FILE = YES;
				INFOPLIST_FILE = Bingo/Info.plist;
				INFOPLIST_KEY_UIApplicationSceneManifest_Generation = YES;
				INFOPLIST_KEY_UIApplicationSupportsIndirectInputEvents = YES;
				INFOPLIST_KEY_UILaunchScreen_Generation = YES;
				INFOPLIST_KEY_UISupportedInterfaceOrientations = UIInterfaceOrientationPortrait;
				LD_RUNPATH_SEARCH_PATHS = (
					"$(inherited)",
					"@executable_path/Frameworks",
				);
				MARKETING_VERSION = 1.0;
				PRODUCT_BUNDLE_IDENTIFIER = com.jonhyDev.Bingo;
				PRODUCT_NAME = "$(TARGET_NAME)";
				SWIFT_EMIT_LOC_STRINGS = YES;
				SWIFT_VERSION = 5.0;
				TARGETED_DEVICE_FAMILY = "1,2";
			};
			name = Release;
		};
/* End XCBuildConfiguration section */

/* Begin XCConfigurationList section */
		D3C4FAAF2A8B4B4200E596F3 /* Build configuration list for PBXProject "Bingo" */ = {
			isa = XCConfigurationList;
			buildConfigurations = (
				D3C4FAC02A8B4B4500E596F3 /* Debug */,
				D3C4FAC12A8B4B4500E596F3 /* Release */,
			);
			defaultConfigurationIsVisible = 0;
			defaultConfigurationName = Release;
		};
		D3C4FAC22A8B4B4500E596F3 /* Build configuration list for PBXNativeTarget "Bingo" */ = {
			isa = XCConfigurationList;
			buildConfigurations = (
				D3C4FAC32A8B4B4500E596F3 /* Debug */,
				D3C4FAC42A8B4B4500E596F3 /* Release */,
			);
			defaultConfigurationIsVisible = 0;
			defaultConfigurationName = Release;
		};
/* End XCConfigurationList section */

/* Begin XCRemoteSwiftPackageReference section */
		D3C4FACD2A8C0FE500E596F3 /* XCRemoteSwiftPackageReference "firebase-ios-sdk" */ = {
			isa = XCRemoteSwiftPackageReference;
			repositoryURL = "https://github.com/firebase/firebase-ios-sdk";
			requirement = {
				kind = upToNextMajorVersion;
				minimumVersion = 9.0.0;
			};
		};
/* End XCRemoteSwiftPackageReference section */

/* Begin XCSwiftPackageProductDependency section */
		D3C4FACE2A8C0FE500E596F3 /* FirebaseAuth */ = {
			isa = XCSwiftPackageProductDependency;
			package = D3C4FACD2A8C0FE500E596F3 /* XCRemoteSwiftPackageReference "firebase-ios-sdk" */;
			productName = FirebaseAuth;
		};
		D3C4FAD02A8C0FE500E596F3 /* FirebaseFirestore */ = {
			isa = XCSwiftPackageProductDependency;
			package = D3C4FACD2A8C0FE500E596F3 /* XCRemoteSwiftPackageReference "firebase-ios-sdk" */;
			productName = FirebaseFirestore;
		};
		D3C4FAD22A8C0FE500E596F3 /* FirebaseFirestoreSwift */ = {
			isa = XCSwiftPackageProductDependency;
			package = D3C4FACD2A8C0FE500E596F3 /* XCRemoteSwiftPackageReference "firebase-ios-sdk" */;
			productName = FirebaseFirestoreSwift;
		};
/* End XCSwiftPackageProductDependency section */
	};
	rootObject = D3C4FAAC2A8B4B4200E596F3 /* Project object */;
}
